// !$*UTF8*$!
{
	archiveVersion = 1;
	classes = {
	};
	objectVersion = 46;
	objects = {

/* Begin PBXBuildFile section */
		E100F7EB1C0EAC4300590DDA /* Parse.framework in Frameworks */ = {isa = PBXBuildFile; fileRef = E100F7EA1C0EAC4300590DDA /* Parse.framework */; };
		E100F7ED1C0EAC4A00590DDA /* Bolts.framework in Frameworks */ = {isa = PBXBuildFile; fileRef = E100F7EC1C0EAC4A00590DDA /* Bolts.framework */; };
		E100F7EF1C0EAC6B00590DDA /* AudioToolbox.framework in Frameworks */ = {isa = PBXBuildFile; fileRef = E100F7EE1C0EAC6B00590DDA /* AudioToolbox.framework */; };
		E100F7F11C0EAC7200590DDA /* CFNetwork.framework in Frameworks */ = {isa = PBXBuildFile; fileRef = E100F7F01C0EAC7200590DDA /* CFNetwork.framework */; };
		E100F7F31C0EAC7E00590DDA /* CoreGraphics.framework in Frameworks */ = {isa = PBXBuildFile; fileRef = E100F7F21C0EAC7E00590DDA /* CoreGraphics.framework */; };
		E100F7F51C0EAC8400590DDA /* CoreLocation.framework in Frameworks */ = {isa = PBXBuildFile; fileRef = E100F7F41C0EAC8400590DDA /* CoreLocation.framework */; };
		E100F7F71C0EAC8A00590DDA /* QuartzCore.framework in Frameworks */ = {isa = PBXBuildFile; fileRef = E100F7F61C0EAC8A00590DDA /* QuartzCore.framework */; };
		E100F7F91C0EAC9000590DDA /* Security.framework in Frameworks */ = {isa = PBXBuildFile; fileRef = E100F7F81C0EAC9000590DDA /* Security.framework */; };
		E100F7FB1C0EAC9600590DDA /* StoreKit.framework in Frameworks */ = {isa = PBXBuildFile; fileRef = E100F7FA1C0EAC9600590DDA /* StoreKit.framework */; };
		E100F7FD1C0EAC9C00590DDA /* SystemConfiguration.framework in Frameworks */ = {isa = PBXBuildFile; fileRef = E100F7FC1C0EAC9C00590DDA /* SystemConfiguration.framework */; };
		E100F7FF1C0EACA400590DDA /* libz.tbd in Frameworks */ = {isa = PBXBuildFile; fileRef = E100F7FE1C0EACA400590DDA /* libz.tbd */; };
		E100F8011C0EACAB00590DDA /* libsqlite3.tbd in Frameworks */ = {isa = PBXBuildFile; fileRef = E100F8001C0EACAB00590DDA /* libsqlite3.tbd */; };
		E1105A351C0AD9DF00D01905 /* CategoriesViewController.swift in Sources */ = {isa = PBXBuildFile; fileRef = E1105A341C0AD9DF00D01905 /* CategoriesViewController.swift */; };
		E116F8A91C0288B600B95502 /* AppDelegate.swift in Sources */ = {isa = PBXBuildFile; fileRef = E116F8A81C0288B600B95502 /* AppDelegate.swift */; };
		E116F8AB1C0288B600B95502 /* ViewController.swift in Sources */ = {isa = PBXBuildFile; fileRef = E116F8AA1C0288B600B95502 /* ViewController.swift */; };
		E116F8AE1C0288B600B95502 /* Main.storyboard in Resources */ = {isa = PBXBuildFile; fileRef = E116F8AC1C0288B600B95502 /* Main.storyboard */; };
		E116F8B01C0288B600B95502 /* Assets.xcassets in Resources */ = {isa = PBXBuildFile; fileRef = E116F8AF1C0288B600B95502 /* Assets.xcassets */; };
		E116F8B31C0288B600B95502 /* LaunchScreen.storyboard in Resources */ = {isa = PBXBuildFile; fileRef = E116F8B11C0288B600B95502 /* LaunchScreen.storyboard */; };
		E116F8BE1C0288B600B95502 /* NewsOTGTests.swift in Sources */ = {isa = PBXBuildFile; fileRef = E116F8BD1C0288B600B95502 /* NewsOTGTests.swift */; };
		E116F8C91C0288B600B95502 /* NewsOTGUITests.swift in Sources */ = {isa = PBXBuildFile; fileRef = E116F8C81C0288B600B95502 /* NewsOTGUITests.swift */; };
		E116F8D71C028D0500B95502 /* ArticlesViewController.swift in Sources */ = {isa = PBXBuildFile; fileRef = E116F8D61C028D0500B95502 /* ArticlesViewController.swift */; };
		E116F8D91C03DD0200B95502 /* DisplayViewController.swift in Sources */ = {isa = PBXBuildFile; fileRef = E116F8D81C03DD0200B95502 /* DisplayViewController.swift */; };
		E116F8DB1C04198300B95502 /* AVFoundation.framework in Frameworks */ = {isa = PBXBuildFile; fileRef = E116F8DA1C04198300B95502 /* AVFoundation.framework */; };
		E1176AA21C0C0933009E792A /* ArticlesTableViewCell.xib in Resources */ = {isa = PBXBuildFile; fileRef = E1176AA11C0C0933009E792A /* ArticlesTableViewCell.xib */; };
		E1C71B5A1C0AA08A0007521E /* SourceTableViewCell.xib in Resources */ = {isa = PBXBuildFile; fileRef = E1C71B591C0AA08A0007521E /* SourceTableViewCell.xib */; };
/* End PBXBuildFile section */

/* Begin PBXContainerItemProxy section */
		E116F8BA1C0288B600B95502 /* PBXContainerItemProxy */ = {
			isa = PBXContainerItemProxy;
			containerPortal = E116F89D1C0288B600B95502 /* Project object */;
			proxyType = 1;
			remoteGlobalIDString = E116F8A41C0288B600B95502;
			remoteInfo = NewsOTG;
		};
		E116F8C51C0288B600B95502 /* PBXContainerItemProxy */ = {
			isa = PBXContainerItemProxy;
			containerPortal = E116F89D1C0288B600B95502 /* Project object */;
			proxyType = 1;
			remoteGlobalIDString = E116F8A41C0288B600B95502;
			remoteInfo = NewsOTG;
		};
/* End PBXContainerItemProxy section */

/* Begin PBXFileReference section */
		E100F7EA1C0EAC4300590DDA /* Parse.framework */ = {isa = PBXFileReference; lastKnownFileType = wrapper.framework; path = Parse.framework; sourceTree = "<group>"; };
		E100F7EC1C0EAC4A00590DDA /* Bolts.framework */ = {isa = PBXFileReference; lastKnownFileType = wrapper.framework; path = Bolts.framework; sourceTree = "<group>"; };
		E100F7EE1C0EAC6B00590DDA /* AudioToolbox.framework */ = {isa = PBXFileReference; lastKnownFileType = wrapper.framework; name = AudioToolbox.framework; path = System/Library/Frameworks/AudioToolbox.framework; sourceTree = SDKROOT; };
		E100F7F01C0EAC7200590DDA /* CFNetwork.framework */ = {isa = PBXFileReference; lastKnownFileType = wrapper.framework; name = CFNetwork.framework; path = System/Library/Frameworks/CFNetwork.framework; sourceTree = SDKROOT; };
		E100F7F21C0EAC7E00590DDA /* CoreGraphics.framework */ = {isa = PBXFileReference; lastKnownFileType = wrapper.framework; name = CoreGraphics.framework; path = System/Library/Frameworks/CoreGraphics.framework; sourceTree = SDKROOT; };
		E100F7F41C0EAC8400590DDA /* CoreLocation.framework */ = {isa = PBXFileReference; lastKnownFileType = wrapper.framework; name = CoreLocation.framework; path = System/Library/Frameworks/CoreLocation.framework; sourceTree = SDKROOT; };
		E100F7F61C0EAC8A00590DDA /* QuartzCore.framework */ = {isa = PBXFileReference; lastKnownFileType = wrapper.framework; name = QuartzCore.framework; path = System/Library/Frameworks/QuartzCore.framework; sourceTree = SDKROOT; };
		E100F7F81C0EAC9000590DDA /* Security.framework */ = {isa = PBXFileReference; lastKnownFileType = wrapper.framework; name = Security.framework; path = System/Library/Frameworks/Security.framework; sourceTree = SDKROOT; };
		E100F7FA1C0EAC9600590DDA /* StoreKit.framework */ = {isa = PBXFileReference; lastKnownFileType = wrapper.framework; name = StoreKit.framework; path = System/Library/Frameworks/StoreKit.framework; sourceTree = SDKROOT; };
		E100F7FC1C0EAC9C00590DDA /* SystemConfiguration.framework */ = {isa = PBXFileReference; lastKnownFileType = wrapper.framework; name = SystemConfiguration.framework; path = System/Library/Frameworks/SystemConfiguration.framework; sourceTree = SDKROOT; };
		E100F7FE1C0EACA400590DDA /* libz.tbd */ = {isa = PBXFileReference; lastKnownFileType = "sourcecode.text-based-dylib-definition"; name = libz.tbd; path = usr/lib/libz.tbd; sourceTree = SDKROOT; };
		E100F8001C0EACAB00590DDA /* libsqlite3.tbd */ = {isa = PBXFileReference; lastKnownFileType = "sourcecode.text-based-dylib-definition"; name = libsqlite3.tbd; path = usr/lib/libsqlite3.tbd; sourceTree = SDKROOT; };
		E1105A341C0AD9DF00D01905 /* CategoriesViewController.swift */ = {isa = PBXFileReference; fileEncoding = 4; lastKnownFileType = sourcecode.swift; path = CategoriesViewController.swift; sourceTree = "<group>"; };
		E116F8A51C0288B600B95502 /* NewsOTG.app */ = {isa = PBXFileReference; explicitFileType = wrapper.application; includeInIndex = 0; path = NewsOTG.app; sourceTree = BUILT_PRODUCTS_DIR; };
		E116F8A81C0288B600B95502 /* AppDelegate.swift */ = {isa = PBXFileReference; lastKnownFileType = sourcecode.swift; path = AppDelegate.swift; sourceTree = "<group>"; };
		E116F8AA1C0288B600B95502 /* ViewController.swift */ = {isa = PBXFileReference; lastKnownFileType = sourcecode.swift; path = ViewController.swift; sourceTree = "<group>"; };
		E116F8AD1C0288B600B95502 /* Base */ = {isa = PBXFileReference; lastKnownFileType = file.storyboard; name = Base; path = Base.lproj/Main.storyboard; sourceTree = "<group>"; };
		E116F8AF1C0288B600B95502 /* Assets.xcassets */ = {isa = PBXFileReference; lastKnownFileType = folder.assetcatalog; path = Assets.xcassets; sourceTree = "<group>"; };
		E116F8B21C0288B600B95502 /* Base */ = {isa = PBXFileReference; lastKnownFileType = file.storyboard; name = Base; path = Base.lproj/LaunchScreen.storyboard; sourceTree = "<group>"; };
		E116F8B41C0288B600B95502 /* Info.plist */ = {isa = PBXFileReference; lastKnownFileType = text.plist.xml; path = Info.plist; sourceTree = "<group>"; };
		E116F8B91C0288B600B95502 /* NewsOTGTests.xctest */ = {isa = PBXFileReference; explicitFileType = wrapper.cfbundle; includeInIndex = 0; path = NewsOTGTests.xctest; sourceTree = BUILT_PRODUCTS_DIR; };
		E116F8BD1C0288B600B95502 /* NewsOTGTests.swift */ = {isa = PBXFileReference; lastKnownFileType = sourcecode.swift; path = NewsOTGTests.swift; sourceTree = "<group>"; };
		E116F8BF1C0288B600B95502 /* Info.plist */ = {isa = PBXFileReference; lastKnownFileType = text.plist.xml; path = Info.plist; sourceTree = "<group>"; };
		E116F8C41C0288B600B95502 /* NewsOTGUITests.xctest */ = {isa = PBXFileReference; explicitFileType = wrapper.cfbundle; includeInIndex = 0; path = NewsOTGUITests.xctest; sourceTree = BUILT_PRODUCTS_DIR; };
		E116F8C81C0288B600B95502 /* NewsOTGUITests.swift */ = {isa = PBXFileReference; lastKnownFileType = sourcecode.swift; path = NewsOTGUITests.swift; sourceTree = "<group>"; };
		E116F8CA1C0288B600B95502 /* Info.plist */ = {isa = PBXFileReference; lastKnownFileType = text.plist.xml; path = Info.plist; sourceTree = "<group>"; };
		E116F8D61C028D0500B95502 /* ArticlesViewController.swift */ = {isa = PBXFileReference; fileEncoding = 4; lastKnownFileType = sourcecode.swift; path = ArticlesViewController.swift; sourceTree = "<group>"; };
		E116F8D81C03DD0200B95502 /* DisplayViewController.swift */ = {isa = PBXFileReference; fileEncoding = 4; lastKnownFileType = sourcecode.swift; path = DisplayViewController.swift; sourceTree = "<group>"; };
		E116F8DA1C04198300B95502 /* AVFoundation.framework */ = {isa = PBXFileReference; lastKnownFileType = wrapper.framework; name = AVFoundation.framework; path = System/Library/Frameworks/AVFoundation.framework; sourceTree = SDKROOT; };
		E1176AA11C0C0933009E792A /* ArticlesTableViewCell.xib */ = {isa = PBXFileReference; fileEncoding = 4; lastKnownFileType = file.xib; path = ArticlesTableViewCell.xib; sourceTree = "<group>"; };
		E1C71B591C0AA08A0007521E /* SourceTableViewCell.xib */ = {isa = PBXFileReference; fileEncoding = 4; lastKnownFileType = file.xib; path = SourceTableViewCell.xib; sourceTree = "<group>"; };
/* End PBXFileReference section */

/* Begin PBXFrameworksBuildPhase section */
		E116F8A21C0288B600B95502 /* Frameworks */ = {
			isa = PBXFrameworksBuildPhase;
			buildActionMask = 2147483647;
			files = (
				E100F8011C0EACAB00590DDA /* libsqlite3.tbd in Frameworks */,
				E100F7FF1C0EACA400590DDA /* libz.tbd in Frameworks */,
				E100F7FD1C0EAC9C00590DDA /* SystemConfiguration.framework in Frameworks */,
				E100F7FB1C0EAC9600590DDA /* StoreKit.framework in Frameworks */,
				E100F7F91C0EAC9000590DDA /* Security.framework in Frameworks */,
				E100F7F71C0EAC8A00590DDA /* QuartzCore.framework in Frameworks */,
				E100F7F51C0EAC8400590DDA /* CoreLocation.framework in Frameworks */,
				E100F7F31C0EAC7E00590DDA /* CoreGraphics.framework in Frameworks */,
				E100F7F11C0EAC7200590DDA /* CFNetwork.framework in Frameworks */,
				E100F7EF1C0EAC6B00590DDA /* AudioToolbox.framework in Frameworks */,
				E100F7ED1C0EAC4A00590DDA /* Bolts.framework in Frameworks */,
				E100F7EB1C0EAC4300590DDA /* Parse.framework in Frameworks */,
				E116F8DB1C04198300B95502 /* AVFoundation.framework in Frameworks */,
			);
			runOnlyForDeploymentPostprocessing = 0;
		};
		E116F8B61C0288B600B95502 /* Frameworks */ = {
			isa = PBXFrameworksBuildPhase;
			buildActionMask = 2147483647;
			files = (
			);
			runOnlyForDeploymentPostprocessing = 0;
		};
		E116F8C11C0288B600B95502 /* Frameworks */ = {
			isa = PBXFrameworksBuildPhase;
			buildActionMask = 2147483647;
			files = (
			);
			runOnlyForDeploymentPostprocessing = 0;
		};
/* End PBXFrameworksBuildPhase section */

/* Begin PBXGroup section */
		E116F89C1C0288B600B95502 = {
			isa = PBXGroup;
			children = (
				E100F8001C0EACAB00590DDA /* libsqlite3.tbd */,
				E100F7FE1C0EACA400590DDA /* libz.tbd */,
				E100F7FC1C0EAC9C00590DDA /* SystemConfiguration.framework */,
				E100F7FA1C0EAC9600590DDA /* StoreKit.framework */,
				E100F7F81C0EAC9000590DDA /* Security.framework */,
				E100F7F61C0EAC8A00590DDA /* QuartzCore.framework */,
				E100F7F41C0EAC8400590DDA /* CoreLocation.framework */,
				E100F7F21C0EAC7E00590DDA /* CoreGraphics.framework */,
				E100F7F01C0EAC7200590DDA /* CFNetwork.framework */,
				E100F7EE1C0EAC6B00590DDA /* AudioToolbox.framework */,
				E100F7EC1C0EAC4A00590DDA /* Bolts.framework */,
				E100F7EA1C0EAC4300590DDA /* Parse.framework */,
				E116F8DA1C04198300B95502 /* AVFoundation.framework */,
				E116F8A71C0288B600B95502 /* NewsOTG */,
				E116F8BC1C0288B600B95502 /* NewsOTGTests */,
				E116F8C71C0288B600B95502 /* NewsOTGUITests */,
				E116F8A61C0288B600B95502 /* Products */,
			);
			sourceTree = "<group>";
		};
		E116F8A61C0288B600B95502 /* Products */ = {
			isa = PBXGroup;
			children = (
				E116F8A51C0288B600B95502 /* NewsOTG.app */,
				E116F8B91C0288B600B95502 /* NewsOTGTests.xctest */,
				E116F8C41C0288B600B95502 /* NewsOTGUITests.xctest */,
			);
			name = Products;
			sourceTree = "<group>";
		};
		E116F8A71C0288B600B95502 /* NewsOTG */ = {
			isa = PBXGroup;
			children = (
				E116F8A81C0288B600B95502 /* AppDelegate.swift */,
				E116F8AA1C0288B600B95502 /* ViewController.swift */,
				E1105A341C0AD9DF00D01905 /* CategoriesViewController.swift */,
				E116F8D61C028D0500B95502 /* ArticlesViewController.swift */,
				E116F8D81C03DD0200B95502 /* DisplayViewController.swift */,
				E116F8AC1C0288B600B95502 /* Main.storyboard */,
				E116F8AF1C0288B600B95502 /* Assets.xcassets */,
				E116F8B11C0288B600B95502 /* LaunchScreen.storyboard */,
				E116F8B41C0288B600B95502 /* Info.plist */,
				E1C71B591C0AA08A0007521E /* SourceTableViewCell.xib */,
				E1176AA11C0C0933009E792A /* ArticlesTableViewCell.xib */,
			);
			path = NewsOTG;
			sourceTree = "<group>";
		};
		E116F8BC1C0288B600B95502 /* NewsOTGTests */ = {
			isa = PBXGroup;
			children = (
				E116F8BD1C0288B600B95502 /* NewsOTGTests.swift */,
				E116F8BF1C0288B600B95502 /* Info.plist */,
			);
			path = NewsOTGTests;
			sourceTree = "<group>";
		};
		E116F8C71C0288B600B95502 /* NewsOTGUITests */ = {
			isa = PBXGroup;
			children = (
				E116F8C81C0288B600B95502 /* NewsOTGUITests.swift */,
				E116F8CA1C0288B600B95502 /* Info.plist */,
			);
			path = NewsOTGUITests;
			sourceTree = "<group>";
		};
/* End PBXGroup section */

/* Begin PBXNativeTarget section */
		E116F8A41C0288B600B95502 /* NewsOTG */ = {
			isa = PBXNativeTarget;
			buildConfigurationList = E116F8CD1C0288B600B95502 /* Build configuration list for PBXNativeTarget "NewsOTG" */;
			buildPhases = (
				E116F8A11C0288B600B95502 /* Sources */,
				E116F8A21C0288B600B95502 /* Frameworks */,
				E116F8A31C0288B600B95502 /* Resources */,
			);
			buildRules = (
			);
			dependencies = (
			);
			name = NewsOTG;
			productName = NewsOTG;
			productReference = E116F8A51C0288B600B95502 /* NewsOTG.app */;
			productType = "com.apple.product-type.application";
		};
		E116F8B81C0288B600B95502 /* NewsOTGTests */ = {
			isa = PBXNativeTarget;
			buildConfigurationList = E116F8D01C0288B600B95502 /* Build configuration list for PBXNativeTarget "NewsOTGTests" */;
			buildPhases = (
				E116F8B51C0288B600B95502 /* Sources */,
				E116F8B61C0288B600B95502 /* Frameworks */,
				E116F8B71C0288B600B95502 /* Resources */,
			);
			buildRules = (
			);
			dependencies = (
				E116F8BB1C0288B600B95502 /* PBXTargetDependency */,
			);
			name = NewsOTGTests;
			productName = NewsOTGTests;
			productReference = E116F8B91C0288B600B95502 /* NewsOTGTests.xctest */;
			productType = "com.apple.product-type.bundle.unit-test";
		};
		E116F8C31C0288B600B95502 /* NewsOTGUITests */ = {
			isa = PBXNativeTarget;
			buildConfigurationList = E116F8D31C0288B600B95502 /* Build configuration list for PBXNativeTarget "NewsOTGUITests" */;
			buildPhases = (
				E116F8C01C0288B600B95502 /* Sources */,
				E116F8C11C0288B600B95502 /* Frameworks */,
				E116F8C21C0288B600B95502 /* Resources */,
			);
			buildRules = (
			);
			dependencies = (
				E116F8C61C0288B600B95502 /* PBXTargetDependency */,
			);
			name = NewsOTGUITests;
			productName = NewsOTGUITests;
			productReference = E116F8C41C0288B600B95502 /* NewsOTGUITests.xctest */;
			productType = "com.apple.product-type.bundle.ui-testing";
		};
/* End PBXNativeTarget section */

/* Begin PBXProject section */
		E116F89D1C0288B600B95502 /* Project object */ = {
			isa = PBXProject;
			attributes = {
				LastSwiftUpdateCheck = 0710;
				LastUpgradeCheck = 0710;
				ORGANIZATIONNAME = "Avinash Jain";
				TargetAttributes = {
					E116F8A41C0288B600B95502 = {
						CreatedOnToolsVersion = 7.1.1;
					};
					E116F8B81C0288B600B95502 = {
						CreatedOnToolsVersion = 7.1.1;
						TestTargetID = E116F8A41C0288B600B95502;
					};
					E116F8C31C0288B600B95502 = {
						CreatedOnToolsVersion = 7.1.1;
						TestTargetID = E116F8A41C0288B600B95502;
					};
				};
			};
			buildConfigurationList = E116F8A01C0288B600B95502 /* Build configuration list for PBXProject "NewsOTG" */;
			compatibilityVersion = "Xcode 3.2";
			developmentRegion = English;
			hasScannedForEncodings = 0;
			knownRegions = (
				en,
				Base,
			);
			mainGroup = E116F89C1C0288B600B95502;
			productRefGroup = E116F8A61C0288B600B95502 /* Products */;
			projectDirPath = "";
			projectRoot = "";
			targets = (
				E116F8A41C0288B600B95502 /* NewsOTG */,
				E116F8B81C0288B600B95502 /* NewsOTGTests */,
				E116F8C31C0288B600B95502 /* NewsOTGUITests */,
			);
		};
/* End PBXProject section */

/* Begin PBXResourcesBuildPhase section */
		E116F8A31C0288B600B95502 /* Resources */ = {
			isa = PBXResourcesBuildPhase;
			buildActionMask = 2147483647;
			files = (
				E1176AA21C0C0933009E792A /* ArticlesTableViewCell.xib in Resources */,
				E1C71B5A1C0AA08A0007521E /* SourceTableViewCell.xib in Resources */,
				E116F8B31C0288B600B95502 /* LaunchScreen.storyboard in Resources */,
				E116F8B01C0288B600B95502 /* Assets.xcassets in Resources */,
				E116F8AE1C0288B600B95502 /* Main.storyboard in Resources */,
			);
			runOnlyForDeploymentPostprocessing = 0;
		};
		E116F8B71C0288B600B95502 /* Resources */ = {
			isa = PBXResourcesBuildPhase;
			buildActionMask = 2147483647;
			files = (
			);
			runOnlyForDeploymentPostprocessing = 0;
		};
		E116F8C21C0288B600B95502 /* Resources */ = {
			isa = PBXResourcesBuildPhase;
			buildActionMask = 2147483647;
			files = (
			);
			runOnlyForDeploymentPostprocessing = 0;
		};
/* End PBXResourcesBuildPhase section */

/* Begin PBXSourcesBuildPhase section */
		E116F8A11C0288B600B95502 /* Sources */ = {
			isa = PBXSourcesBuildPhase;
			buildActionMask = 2147483647;
			files = (
				E116F8D71C028D0500B95502 /* ArticlesViewController.swift in Sources */,
				E116F8AB1C0288B600B95502 /* ViewController.swift in Sources */,
				E116F8A91C0288B600B95502 /* AppDelegate.swift in Sources */,
				E116F8D91C03DD0200B95502 /* DisplayViewController.swift in Sources */,
				E1105A351C0AD9DF00D01905 /* CategoriesViewController.swift in Sources */,
			);
			runOnlyForDeploymentPostprocessing = 0;
		};
		E116F8B51C0288B600B95502 /* Sources */ = {
			isa = PBXSourcesBuildPhase;
			buildActionMask = 2147483647;
			files = (
				E116F8BE1C0288B600B95502 /* NewsOTGTests.swift in Sources */,
			);
			runOnlyForDeploymentPostprocessing = 0;
		};
		E116F8C01C0288B600B95502 /* Sources */ = {
			isa = PBXSourcesBuildPhase;
			buildActionMask = 2147483647;
			files = (
				E116F8C91C0288B600B95502 /* NewsOTGUITests.swift in Sources */,
			);
			runOnlyForDeploymentPostprocessing = 0;
		};
/* End PBXSourcesBuildPhase section */

/* Begin PBXTargetDependency section */
		E116F8BB1C0288B600B95502 /* PBXTargetDependency */ = {
			isa = PBXTargetDependency;
			target = E116F8A41C0288B600B95502 /* NewsOTG */;
			targetProxy = E116F8BA1C0288B600B95502 /* PBXContainerItemProxy */;
		};
		E116F8C61C0288B600B95502 /* PBXTargetDependency */ = {
			isa = PBXTargetDependency;
			target = E116F8A41C0288B600B95502 /* NewsOTG */;
			targetProxy = E116F8C51C0288B600B95502 /* PBXContainerItemProxy */;
		};
/* End PBXTargetDependency section */

/* Begin PBXVariantGroup section */
		E116F8AC1C0288B600B95502 /* Main.storyboard */ = {
			isa = PBXVariantGroup;
			children = (
				E116F8AD1C0288B600B95502 /* Base */,
			);
			name = Main.storyboard;
			sourceTree = "<group>";
		};
		E116F8B11C0288B600B95502 /* LaunchScreen.storyboard */ = {
			isa = PBXVariantGroup;
			children = (
				E116F8B21C0288B600B95502 /* Base */,
			);
			name = LaunchScreen.storyboard;
			sourceTree = "<group>";
		};
/* End PBXVariantGroup section */

/* Begin XCBuildConfiguration section */
		E116F8CB1C0288B600B95502 /* Debug */ = {
			isa = XCBuildConfiguration;
			buildSettings = {
				ALWAYS_SEARCH_USER_PATHS = NO;
				CLANG_CXX_LANGUAGE_STANDARD = "gnu++0x";
				CLANG_CXX_LIBRARY = "libc++";
				CLANG_ENABLE_MODULES = YES;
				CLANG_ENABLE_OBJC_ARC = YES;
				CLANG_WARN_BOOL_CONVERSION = YES;
				CLANG_WARN_CONSTANT_CONVERSION = YES;
				CLANG_WARN_DIRECT_OBJC_ISA_USAGE = YES_ERROR;
				CLANG_WARN_EMPTY_BODY = YES;
				CLANG_WARN_ENUM_CONVERSION = YES;
				CLANG_WARN_INT_CONVERSION = YES;
				CLANG_WARN_OBJC_ROOT_CLASS = YES_ERROR;
				CLANG_WARN_UNREACHABLE_CODE = YES;
				CLANG_WARN__DUPLICATE_METHOD_MATCH = YES;
				"CODE_SIGN_IDENTITY[sdk=iphoneos*]" = "iPhone Developer";
				COPY_PHASE_STRIP = NO;
				DEBUG_INFORMATION_FORMAT = dwarf;
				ENABLE_STRICT_OBJC_MSGSEND = YES;
				ENABLE_TESTABILITY = YES;
				GCC_C_LANGUAGE_STANDARD = gnu99;
				GCC_DYNAMIC_NO_PIC = NO;
				GCC_NO_COMMON_BLOCKS = YES;
				GCC_OPTIMIZATION_LEVEL = 0;
				GCC_PREPROCESSOR_DEFINITIONS = (
					"DEBUG=1",
					"$(inherited)",
				);
				GCC_WARN_64_TO_32_BIT_CONVERSION = YES;
				GCC_WARN_ABOUT_RETURN_TYPE = YES_ERROR;
				GCC_WARN_UNDECLARED_SELECTOR = YES;
				GCC_WARN_UNINITIALIZED_AUTOS = YES_AGGRESSIVE;
				GCC_WARN_UNUSED_FUNCTION = YES;
				GCC_WARN_UNUSED_VARIABLE = YES;
				IPHONEOS_DEPLOYMENT_TARGET = 9.1;
				MTL_ENABLE_DEBUG_INFO = YES;
				ONLY_ACTIVE_ARCH = YES;
				SDKROOT = iphoneos;
				SWIFT_OPTIMIZATION_LEVEL = "-Onone";
			};
			name = Debug;
		};
		E116F8CC1C0288B600B95502 /* Release */ = {
			isa = XCBuildConfiguration;
			buildSettings = {
				ALWAYS_SEARCH_USER_PATHS = NO;
				CLANG_CXX_LANGUAGE_STANDARD = "gnu++0x";
				CLANG_CXX_LIBRARY = "libc++";
				CLANG_ENABLE_MODULES = YES;
				CLANG_ENABLE_OBJC_ARC = YES;
				CLANG_WARN_BOOL_CONVERSION = YES;
				CLANG_WARN_CONSTANT_CONVERSION = YES;
				CLANG_WARN_DIRECT_OBJC_ISA_USAGE = YES_ERROR;
				CLANG_WARN_EMPTY_BODY = YES;
				CLANG_WARN_ENUM_CONVERSION = YES;
				CLANG_WARN_INT_CONVERSION = YES;
				CLANG_WARN_OBJC_ROOT_CLASS = YES_ERROR;
				CLANG_WARN_UNREACHABLE_CODE = YES;
				CLANG_WARN__DUPLICATE_METHOD_MATCH = YES;
				"CODE_SIGN_IDENTITY[sdk=iphoneos*]" = "iPhone Developer";
				COPY_PHASE_STRIP = NO;
				DEBUG_INFORMATION_FORMAT = "dwarf-with-dsym";
				ENABLE_NS_ASSERTIONS = NO;
				ENABLE_STRICT_OBJC_MSGSEND = YES;
				GCC_C_LANGUAGE_STANDARD = gnu99;
				GCC_NO_COMMON_BLOCKS = YES;
				GCC_WARN_64_TO_32_BIT_CONVERSION = YES;
				GCC_WARN_ABOUT_RETURN_TYPE = YES_ERROR;
				GCC_WARN_UNDECLARED_SELECTOR = YES;
				GCC_WARN_UNINITIALIZED_AUTOS = YES_AGGRESSIVE;
				GCC_WARN_UNUSED_FUNCTION = YES;
				GCC_WARN_UNUSED_VARIABLE = YES;
				IPHONEOS_DEPLOYMENT_TARGET = 9.1;
				MTL_ENABLE_DEBUG_INFO = NO;
				SDKROOT = iphoneos;
				VALIDATE_PRODUCT = YES;
			};
			name = Release;
		};
		E116F8CE1C0288B600B95502 /* Debug */ = {
			isa = XCBuildConfiguration;
			buildSettings = {
				ASSETCATALOG_COMPILER_APPICON_NAME = AppIcon;
				FRAMEWORK_SEARCH_PATHS = (
					"$(inherited)",
					"$(PROJECT_DIR)",
				);
				INFOPLIST_FILE = NewsOTG/Info.plist;
				LD_RUNPATH_SEARCH_PATHS = "$(inherited) @executable_path/Frameworks";
				PRODUCT_BUNDLE_IDENTIFIER = CodeDay.NewsOTG;
				PRODUCT_NAME = "$(TARGET_NAME)";
			};
			name = Debug;
		};
		E116F8CF1C0288B600B95502 /* Release */ = {
			isa = XCBuildConfiguration;
			buildSettings = {
				ASSETCATALOG_COMPILER_APPICON_NAME = AppIcon;
				FRAMEWORK_SEARCH_PATHS = (
					"$(inherited)",
					"$(PROJECT_DIR)",
				);
				INFOPLIST_FILE = NewsOTG/Info.plist;
				LD_RUNPATH_SEARCH_PATHS = "$(inherited) @executable_path/Frameworks";
				PRODUCT_BUNDLE_IDENTIFIER = CodeDay.NewsOTG;
				PRODUCT_NAME = "$(TARGET_NAME)";
			};
			name = Release;
		};
		E116F8D11C0288B600B95502 /* Debug */ = {
			isa = XCBuildConfiguration;
			buildSettings = {
				BUNDLE_LOADER = "$(TEST_HOST)";
				INFOPLIST_FILE = NewsOTGTests/Info.plist;
				LD_RUNPATH_SEARCH_PATHS = "$(inherited) @executable_path/Frameworks @loader_path/Frameworks";
				PRODUCT_BUNDLE_IDENTIFIER = CodeDay.NewsOTGTests;
				PRODUCT_NAME = "$(TARGET_NAME)";
				TEST_HOST = "$(BUILT_PRODUCTS_DIR)/NewsOTG.app/NewsOTG";
			};
			name = Debug;
		};
		E116F8D21C0288B600B95502 /* Release */ = {
			isa = XCBuildConfiguration;
			buildSettings = {
				BUNDLE_LOADER = "$(TEST_HOST)";
				INFOPLIST_FILE = NewsOTGTests/Info.plist;
				LD_RUNPATH_SEARCH_PATHS = "$(inherited) @executable_path/Frameworks @loader_path/Frameworks";
				PRODUCT_BUNDLE_IDENTIFIER = CodeDay.NewsOTGTests;
				PRODUCT_NAME = "$(TARGET_NAME)";
				TEST_HOST = "$(BUILT_PRODUCTS_DIR)/NewsOTG.app/NewsOTG";
			};
			name = Release;
		};
		E116F8D41C0288B600B95502 /* Debug */ = {
			isa = XCBuildConfiguration;
			buildSettings = {
				INFOPLIST_FILE = NewsOTGUITests/Info.plist;
				LD_RUNPATH_SEARCH_PATHS = "$(inherited) @executable_path/Frameworks @loader_path/Frameworks";
				PRODUCT_BUNDLE_IDENTIFIER = CodeDay.NewsOTGUITests;
				PRODUCT_NAME = "$(TARGET_NAME)";
				TEST_TARGET_NAME = NewsOTG;
				USES_XCTRUNNER = YES;
			};
			name = Debug;
		};
		E116F8D51C0288B600B95502 /* Release */ = {
			isa = XCBuildConfiguration;
			buildSettings = {
				INFOPLIST_FILE = NewsOTGUITests/Info.plist;
				LD_RUNPATH_SEARCH_PATHS = "$(inherited) @executable_path/Frameworks @loader_path/Frameworks";
				PRODUCT_BUNDLE_IDENTIFIER = CodeDay.NewsOTGUITests;
				PRODUCT_NAME = "$(TARGET_NAME)";
				TEST_TARGET_NAME = NewsOTG;
				USES_XCTRUNNER = YES;
			};
			name = Release;
		};
/* End XCBuildConfiguration section */

/* Begin XCConfigurationList section */
		E116F8A01C0288B600B95502 /* Build configuration list for PBXProject "NewsOTG" */ = {
			isa = XCConfigurationList;
			buildConfigurations = (
				E116F8CB1C0288B600B95502 /* Debug */,
				E116F8CC1C0288B600B95502 /* Release */,
			);
			defaultConfigurationIsVisible = 0;
			defaultConfigurationName = Release;
		};
		E116F8CD1C0288B600B95502 /* Build configuration list for PBXNativeTarget "NewsOTG" */ = {
			isa = XCConfigurationList;
			buildConfigurations = (
				E116F8CE1C0288B600B95502 /* Debug */,
				E116F8CF1C0288B600B95502 /* Release */,
			);
			defaultConfigurationIsVisible = 0;
			defaultConfigurationName = Release;
		};
		E116F8D01C0288B600B95502 /* Build configuration list for PBXNativeTarget "NewsOTGTests" */ = {
			isa = XCConfigurationList;
			buildConfigurations = (
				E116F8D11C0288B600B95502 /* Debug */,
				E116F8D21C0288B600B95502 /* Release */,
			);
			defaultConfigurationIsVisible = 0;
			defaultConfigurationName = Release;
		};
		E116F8D31C0288B600B95502 /* Build configuration list for PBXNativeTarget "NewsOTGUITests" */ = {
			isa = XCConfigurationList;
			buildConfigurations = (
				E116F8D41C0288B600B95502 /* Debug */,
				E116F8D51C0288B600B95502 /* Release */,
			);
			defaultConfigurationIsVisible = 0;
			defaultConfigurationName = Release;
		};
/* End XCConfigurationList section */
	};
	rootObject = E116F89D1C0288B600B95502 /* Project object */;
}
